
Microsoft Visual Studio Solution File, Format Version 12.00
# Visual Studio 2013
VisualStudioVersion = 12.0.31101.0
MinimumVisualStudioVersion = 10.0.40219.1
Project("{FAE04EC0-301F-11D3-BF4B-00C04F79EFBC}") = "SOLIDExample", "SOLIDExample\SOLIDExample.csproj", "{2405A071-7E86-4CC3-9343-BE7075491C17}"
EndProject
Global
	GlobalSection(SolutionConfigurationPlatforms) = preSolution
		Debug|Any CPU = Debug|Any CPU
		Release|Any CPU = Release|Any CPU
	EndGlobalSection
	GlobalSection(ProjectConfigurationPlatforms) = postSolution
		{2405A071-7E86-4CC3-9343-BE7075491C17}.Debug|Any CPU.ActiveCfg = Debug|Any CPU
		{2405A071-7E86-4CC3-9343-BE7075491C17}.Debug|Any CPU.Build.0 = Debug|Any CPU
		{2405A071-7E86-4CC3-9343-BE7075491C17}.Release|Any CPU.ActiveCfg = Release|Any CPU
		{2405A071-7E86-4CC3-9343-BE7075491C17}.Release|Any CPU.Build.0 = Release|Any CPU
	EndGlobalSection
	GlobalSection(SolutionProperties) = preSolution
		HideSolutionNode = FALSE
	EndGlobalSection
EndGlobal
